// !$*UTF8*$!
{
	archiveVersion = 1;
	classes = {
	};
	objectVersion = 50;
	objects = {

/* Begin PBXBuildFile section */
		1CA306E62106F9A300033AB8 /* AppDelegate.swift in Sources */ = {isa = PBXBuildFile; fileRef = 1CA306E52106F9A300033AB8 /* AppDelegate.swift */; };
		1CA306E82106F9A300033AB8 /* ViewController.swift in Sources */ = {isa = PBXBuildFile; fileRef = 1CA306E72106F9A300033AB8 /* ViewController.swift */; };
		1CA306EB2106F9A300033AB8 /* Main.storyboard in Resources */ = {isa = PBXBuildFile; fileRef = 1CA306E92106F9A300033AB8 /* Main.storyboard */; };
		1CA306ED2106F9A400033AB8 /* Assets.xcassets in Resources */ = {isa = PBXBuildFile; fileRef = 1CA306EC2106F9A400033AB8 /* Assets.xcassets */; };
		1CA306F02106F9A400033AB8 /* LaunchScreen.storyboard in Resources */ = {isa = PBXBuildFile; fileRef = 1CA306EE2106F9A400033AB8 /* LaunchScreen.storyboard */; };
		1CA306FB2106FBA800033AB8 /* hitsuji@2x.png in Resources */ = {isa = PBXBuildFile; fileRef = 1CA306F72106FBA800033AB8 /* hitsuji@2x.png */; };
		1CA306FC2106FBA800033AB8 /* kijitora@2x.png in Resources */ = {isa = PBXBuildFile; fileRef = 1CA306F82106FBA800033AB8 /* kijitora@2x.png */; };
		1CA306FD2106FBA800033AB8 /* chashiro@2x.png in Resources */ = {isa = PBXBuildFile; fileRef = 1CA306F92106FBA800033AB8 /* chashiro@2x.png */; };
		1CA306FE2106FBA800033AB8 /* alpaca@2x.png in Resources */ = {isa = PBXBuildFile; fileRef = 1CA306FA2106FBA800033AB8 /* alpaca@2x.png */; };
/* End PBXBuildFile section */

/* Begin PBXFileReference section */
		1CA306E22106F9A300033AB8 /* imageView.app */ = {isa = PBXFileReference; explicitFileType = wrapper.application; includeInIndex = 0; path = imageView.app; sourceTree = BUILT_PRODUCTS_DIR; };
		1CA306E52106F9A300033AB8 /* AppDelegate.swift */ = {isa = PBXFileReference; lastKnownFileType = sourcecode.swift; path = AppDelegate.swift; sourceTree = "<group>"; };
		1CA306E72106F9A300033AB8 /* ViewController.swift */ = {isa = PBXFileReference; lastKnownFileType = sourcecode.swift; path = ViewController.swift; sourceTree = "<group>"; };
		1CA306EA2106F9A300033AB8 /* Base */ = {isa = PBXFileReference; lastKnownFileType = file.storyboard; name = Base; path = Base.lproj/Main.storyboard; sourceTree = "<group>"; };
		1CA306EC2106F9A400033AB8 /* Assets.xcassets */ = {isa = PBXFileReference; lastKnownFileType = folder.assetcatalog; path = Assets.xcassets; sourceTree = "<group>"; };
		1CA306EF2106F9A400033AB8 /* Base */ = {isa = PBXFileReference; lastKnownFileType = file.storyboard; name = Base; path = Base.lproj/LaunchScreen.storyboard; sourceTree = "<group>"; };
		1CA306F12106F9A400033AB8 /* Info.plist */ = {isa = PBXFileReference; lastKnownFileType = text.plist.xml; path = Info.plist; sourceTree = "<group>"; };
		1CA306F72106FBA800033AB8 /* hitsuji@2x.png */ = {isa = PBXFileReference; lastKnownFileType = image.png; path = "hitsuji@2x.png"; sourceTree = "<group>"; };
		1CA306F82106FBA800033AB8 /* kijitora@2x.png */ = {isa = PBXFileReference; lastKnownFileType = image.png; path = "kijitora@2x.png"; sourceTree = "<group>"; };
		1CA306F92106FBA800033AB8 /* chashiro@2x.png */ = {isa = PBXFileReference; lastKnownFileType = image.png; path = "chashiro@2x.png"; sourceTree = "<group>"; };
		1CA306FA2106FBA800033AB8 /* alpaca@2x.png */ = {isa = PBXFileReference; lastKnownFileType = image.png; path = "alpaca@2x.png"; sourceTree = "<group>"; };
/* End PBXFileReference section */

/* Begin PBXFrameworksBuildPhase section */
		1CA306DF2106F9A300033AB8 /* Frameworks */ = {
			isa = PBXFrameworksBuildPhase;
			buildActionMask = 2147483647;
			files = (
			);
			runOnlyForDeploymentPostprocessing = 0;
		};
/* End PBXFrameworksBuildPhase section */

/* Begin PBXGroup section */
		1CA306D92106F9A300033AB8 = {
			isa = PBXGroup;
			children = (
				1CA306E42106F9A300033AB8 /* imageView */,
				1CA306E32106F9A300033AB8 /* Products */,
			);
			sourceTree = "<group>";
		};
		1CA306E32106F9A300033AB8 /* Products */ = {
			isa = PBXGroup;
			children = (
				1CA306E22106F9A300033AB8 /* imageView.app */,
			);
			name = Products;
			sourceTree = "<group>";
		};
		1CA306E42106F9A300033AB8 /* imageView */ = {
			isa = PBXGroup;
			children = (
				1CA306E52106F9A300033AB8 /* AppDelegate.swift */,
				1CA306E72106F9A300033AB8 /* ViewController.swift */,
				1CA306E92106F9A300033AB8 /* Main.storyboard */,
				1CA306EC2106F9A400033AB8 /* Assets.xcassets */,
				1CA306FA2106FBA800033AB8 /* alpaca@2x.png */,
				1CA306F92106FBA800033AB8 /* chashiro@2x.png */,
				1CA306F72106FBA800033AB8 /* hitsuji@2x.png */,
				1CA306F82106FBA800033AB8 /* kijitora@2x.png */,
				1CA306EE2106F9A400033AB8 /* LaunchScreen.storyboard */,
				1CA306F12106F9A400033AB8 /* Info.plist */,
			);
			path = imageView;
			sourceTree = "<group>";
		};
/* End PBXGroup section */

/* Begin PBXNativeTarget section */
		1CA306E12106F9A300033AB8 /* imageView */ = {
			isa = PBXNativeTarget;
			buildConfigurationList = 1CA306F42106F9A400033AB8 /* Build configuration list for PBXNativeTarget "imageView" */;
			buildPhases = (
				1CA306DE2106F9A300033AB8 /* Sources */,
				1CA306DF2106F9A300033AB8 /* Frameworks */,
				1CA306E02106F9A300033AB8 /* Resources */,
			);
			buildRules = (
			);
			dependencies = (
			);
			name = imageView;
			productName = imageView;
			productReference = 1CA306E22106F9A300033AB8 /* imageView.app */;
			productType = "com.apple.product-type.application";
		};
/* End PBXNativeTarget section */

/* Begin PBXProject section */
		1CA306DA2106F9A300033AB8 /* Project object */ = {
			isa = PBXProject;
			attributes = {
				LastSwiftUpdateCheck = 0940;
				LastUpgradeCheck = 0940;
				ORGANIZATIONNAME = "yako Kobayashi";
				TargetAttributes = {
					1CA306E12106F9A300033AB8 = {
						CreatedOnToolsVersion = 9.4.1;
					};
				};
			};
			buildConfigurationList = 1CA306DD2106F9A300033AB8 /* Build configuration list for PBXProject "imageView" */;
			compatibilityVersion = "Xcode 9.3";
			developmentRegion = en;
			hasScannedForEncodings = 0;
			knownRegions = (
				en,
				Base,
			);
			mainGroup = 1CA306D92106F9A300033AB8;
			productRefGroup = 1CA306E32106F9A300033AB8 /* Products */;
			projectDirPath = "";
			projectRoot = "";
			targets = (
				1CA306E12106F9A300033AB8 /* imageView */,
			);
		};
/* End PBXProject section */

/* Begin PBXResourcesBuildPhase section */
		1CA306E02106F9A300033AB8 /* Resources */ = {
			isa = PBXResourcesBuildPhase;
			buildActionMask = 2147483647;
			files = (
				1CA306F02106F9A400033AB8 /* LaunchScreen.storyboard in Resources */,
				1CA306ED2106F9A400033AB8 /* Assets.xcassets in Resources */,
				1CA306FC2106FBA800033AB8 /* kijitora@2x.png in Resources */,
				1CA306EB2106F9A300033AB8 /* Main.storyboard in Resources */,
				1CA306FB2106FBA800033AB8 /* hitsuji@2x.png in Resources */,
				1CA306FE2106FBA800033AB8 /* alpaca@2x.png in Resources */,
				1CA306FD2106FBA800033AB8 /* chashiro@2x.png in Resources */,
			);
			runOnlyForDeploymentPostprocessing = 0;
		};
/* End PBXResourcesBuildPhase section */

/* Begin PBXSourcesBuildPhase section */
		1CA306DE2106F9A300033AB8 /* Sources */ = {
			isa = PBXSourcesBuildPhase;
			buildActionMask = 2147483647;
			files = (
				1CA306E82106F9A300033AB8 /* ViewController.swift in Sources */,
				1CA306E62106F9A300033AB8 /* AppDelegate.swift in Sources */,
			);
			runOnlyForDeploymentPostprocessing = 0;
		};
/* End PBXSourcesBuildPhase section */

/* Begin PBXVariantGroup section */
		1CA306E92106F9A300033AB8 /* Main.storyboard */ = {
			isa = PBXVariantGroup;
			children = (
				1CA306EA2106F9A300033AB8 /* Base */,
			);
			name = Main.storyboard;
			sourceTree = "<group>";
		};
		1CA306EE2106F9A400033AB8 /* LaunchScreen.storyboard */ = {
			isa = PBXVariantGroup;
			children = (
				1CA306EF2106F9A400033AB8 /* Base */,
			);
			name = LaunchScreen.storyboard;
			sourceTree = "<group>";
		};
/* End PBXVariantGroup section */

/* Begin XCBuildConfiguration section */
		1CA306F22106F9A400033AB8 /* Debug */ = {
			isa = XCBuildConfiguration;
			buildSettings = {
				ALWAYS_SEARCH_USER_PATHS = NO;
				CLANG_ANALYZER_NONNULL = YES;
				CLANG_ANALYZER_NUMBER_OBJECT_CONVERSION = YES_AGGRESSIVE;
				CLANG_CXX_LANGUAGE_STANDARD = "gnu++14";
				CLANG_CXX_LIBRARY = "libc++";
				CLANG_ENABLE_MODULES = YES;
				CLANG_ENABLE_OBJC_ARC = YES;
				CLANG_ENABLE_OBJC_WEAK = YES;
				CLANG_WARN_BLOCK_CAPTURE_AUTORELEASING = YES;
				CLANG_WARN_BOOL_CONVERSION = YES;
				CLANG_WARN_COMMA = YES;
				CLANG_WARN_CONSTANT_CONVERSION = YES;
				CLANG_WARN_DEPRECATED_OBJC_IMPLEMENTATIONS = YES;
				CLANG_WARN_DIRECT_OBJC_ISA_USAGE = YES_ERROR;
				CLANG_WARN_DOCUMENTATION_COMMENTS = YES;
				CLANG_WARN_EMPTY_BODY = YES;
				CLANG_WARN_ENUM_CONVERSION = YES;
				CLANG_WARN_INFINITE_RECURSION = YES;
				CLANG_WARN_INT_CONVERSION = YES;
				CLANG_WARN_NON_LITERAL_NULL_CONVERSION = YES;
				CLANG_WARN_OBJC_IMPLICIT_RETAIN_SELF = YES;
				CLANG_WARN_OBJC_LITERAL_CONVERSION = YES;
				CLANG_WARN_OBJC_ROOT_CLASS = YES_ERROR;
				CLANG_WARN_RANGE_LOOP_ANALYSIS = YES;
				CLANG_WARN_STRICT_PROTOTYPES = YES;
				CLANG_WARN_SUSPICIOUS_MOVE = YES;
				CLANG_WARN_UNGUARDED_AVAILABILITY = YES_AGGRESSIVE;
				CLANG_WARN_UNREACHABLE_CODE = YES;
				CLANG_WARN__DUPLICATE_METHOD_MATCH = YES;
				CODE_SIGN_IDENTITY = "iPhone Developer";
				COPY_PHASE_STRIP = NO;
				DEBUG_INFORMATION_FORMAT = dwarf;
				ENABLE_STRICT_OBJC_MSGSEND = YES;
				ENABLE_TESTABILITY = YES;
				GCC_C_LANGUAGE_STANDARD = gnu11;
				GCC_DYNAMIC_NO_PIC = NO;
				GCC_NO_COMMON_BLOCKS = YES;
				GCC_OPTIMIZATION_LEVEL = 0;
				GCC_PREPROCESSOR_DEFINITIONS = (
					"DEBUG=1",
					"$(inherited)",
				);
				GCC_WARN_64_TO_32_BIT_CONVERSION = YES;
				GCC_WARN_ABOUT_RETURN_TYPE = YES_ERROR;
				GCC_WARN_UNDECLARED_SELECTOR = YES;
				GCC_WARN_UNINITIALIZED_AUTOS = YES_AGGRESSIVE;
				GCC_WARN_UNUSED_FUNCTION = YES;
				GCC_WARN_UNUSED_VARIABLE = YES;
				IPHONEOS_DEPLOYMENT_TARGET = 11.4;
				MTL_ENABLE_DEBUG_INFO = YES;
				ONLY_ACTIVE_ARCH = YES;
				SDKROOT = iphoneos;
				SWIFT_ACTIVE_COMPILATION_CONDITIONS = DEBUG;
				SWIFT_OPTIMIZATION_LEVEL = "-Onone";
			};
			name = Debug;
		};
		1CA306F32106F9A400033AB8 /* Release */ = {
			isa = XCBuildConfiguration;
			buildSettings = {
				ALWAYS_SEARCH_USER_PATHS = NO;
				CLANG_ANALYZER_NONNULL = YES;
				CLANG_ANALYZER_NUMBER_OBJECT_CONVERSION = YES_AGGRESSIVE;
				CLANG_CXX_LANGUAGE_STANDARD = "gnu++14";
				CLANG_CXX_LIBRARY = "libc++";
				CLANG_ENABLE_MODULES = YES;
				CLANG_ENABLE_OBJC_ARC = YES;
				CLANG_ENABLE_OBJC_WEAK = YES;
				CLANG_WARN_BLOCK_CAPTURE_AUTORELEASING = YES;
				CLANG_WARN_BOOL_CONVERSION = YES;
				CLANG_WARN_COMMA = YES;
				CLANG_WARN_CONSTANT_CONVERSION = YES;
				CLANG_WARN_DEPRECATED_OBJC_IMPLEMENTATIONS = YES;
				CLANG_WARN_DIRECT_OBJC_ISA_USAGE = YES_ERROR;
				CLANG_WARN_DOCUMENTATION_COMMENTS = YES;
				CLANG_WARN_EMPTY_BODY = YES;
				CLANG_WARN_ENUM_CONVERSION = YES;
				CLANG_WARN_INFINITE_RECURSION = YES;
				CLANG_WARN_INT_CONVERSION = YES;
				CLANG_WARN_NON_LITERAL_NULL_CONVERSION = YES;
				CLANG_WARN_OBJC_IMPLICIT_RETAIN_SELF = YES;
				CLANG_WARN_OBJC_LITERAL_CONVERSION = YES;
				CLANG_WARN_OBJC_ROOT_CLASS = YES_ERROR;
				CLANG_WARN_RANGE_LOOP_ANALYSIS = YES;
				CLANG_WARN_STRICT_PROTOTYPES = YES;
				CLANG_WARN_SUSPICIOUS_MOVE = YES;
				CLANG_WARN_UNGUARDED_AVAILABILITY = YES_AGGRESSIVE;
				CLANG_WARN_UNREACHABLE_CODE = YES;
				CLANG_WARN__DUPLICATE_METHOD_MATCH = YES;
				CODE_SIGN_IDENTITY = "iPhone Developer";
				COPY_PHASE_STRIP = NO;
				DEBUG_INFORMATION_FORMAT = "dwarf-with-dsym";
				ENABLE_NS_ASSERTIONS = NO;
				ENABLE_STRICT_OBJC_MSGSEND = YES;
				GCC_C_LANGUAGE_STANDARD = gnu11;
				GCC_NO_COMMON_BLOCKS = YES;
				GCC_WARN_64_TO_32_BIT_CONVERSION = YES;
				GCC_WARN_ABOUT_RETURN_TYPE = YES_ERROR;
				GCC_WARN_UNDECLARED_SELECTOR = YES;
				GCC_WARN_UNINITIALIZED_AUTOS = YES_AGGRESSIVE;
				GCC_WARN_UNUSED_FUNCTION = YES;
				GCC_WARN_UNUSED_VARIABLE = YES;
				IPHONEOS_DEPLOYMENT_TARGET = 11.4;
				MTL_ENABLE_DEBUG_INFO = NO;
				SDKROOT = iphoneos;
				SWIFT_COMPILATION_MODE = wholemodule;
				SWIFT_OPTIMIZATION_LEVEL = "-O";
				VALIDATE_PRODUCT = YES;
			};
			name = Release;
		};
		1CA306F52106F9A400033AB8 /* Debug */ = {
			isa = XCBuildConfiguration;
			buildSettings = {
				ASSETCATALOG_COMPILER_APPICON_NAME = AppIcon;
				CODE_SIGN_STYLE = Automatic;
				DEVELOPMENT_TEAM = NCY5BEZ37J;
				INFOPLIST_FILE = imageView/Info.plist;
				IPHONEOS_DEPLOYMENT_TARGET = 10.3;
				LD_RUNPATH_SEARCH_PATHS = (
					"$(inherited)",
					"@executable_path/Frameworks",
				);
				PRODUCT_BUNDLE_IDENTIFIER = jp.stepAppSchool;
				PRODUCT_NAME = "$(TARGET_NAME)";
				SWIFT_VERSION = 4.0;
				TARGETED_DEVICE_FAMILY = 1;
			};
			name = Debug;
		};
		1CA306F62106F9A400033AB8 /* Release */ = {
			isa = XCBuildConfiguration;
			buildSettings = {
				ASSETCATALOG_COMPILER_APPICON_NAME = AppIcon;
				CODE_SIGN_STYLE = Automatic;
				DEVELOPMENT_TEAM = NCY5BEZ37J;
				INFOPLIST_FILE = imageView/Info.plist;
				IPHONEOS_DEPLOYMENT_TARGET = 10.3;
				LD_RUNPATH_SEARCH_PATHS = (
					"$(inherited)",
					"@executable_path/Frameworks",
				);
				PRODUCT_BUNDLE_IDENTIFIER = jp.stepAppSchool;
				PRODUCT_NAME = "$(TARGET_NAME)";
				SWIFT_VERSION = 4.0;
				TARGETED_DEVICE_FAMILY = 1;
			};
			name = Release;
		};
/* End XCBuildConfiguration section */

/* Begin XCConfigurationList section */
		1CA306DD2106F9A300033AB8 /* Build configuration list for PBXProject "imageView" */ = {
			isa = XCConfigurationList;
			buildConfigurations = (
				1CA306F22106F9A400033AB8 /* Debug */,
				1CA306F32106F9A400033AB8 /* Release */,
			);
			defaultConfigurationIsVisible = 0;
			defaultConfigurationName = Release;
		};
		1CA306F42106F9A400033AB8 /* Build configuration list for PBXNativeTarget "imageView" */ = {
			isa = XCConfigurationList;
			buildConfigurations = (
				1CA306F52106F9A400033AB8 /* Debug */,
				1CA306F62106F9A400033AB8 /* Release */,
			);
			defaultConfigurationIsVisible = 0;
			defaultConfigurationName = Release;
		};
/* End XCConfigurationList section */
	};
	rootObject = 1CA306DA2106F9A300033AB8 /* Project object */;
}
